
Microsoft Visual Studio Solution File, Format Version 12.00
# Visual Studio Version 16
VisualStudioVersion = 16.0.31410.357
MinimumVisualStudioVersion = 10.0.40219.1
Project("{FAE04EC0-301F-11D3-BF4B-00C04F79EFBC}") = "Tarea05_04", "Tarea05_04\Tarea05_04.csproj", "{427657C3-DF69-4FC1-A50F-78BC1000F2EE}"
EndProject
Global
	GlobalSection(SolutionConfigurationPlatforms) = preSolution
		Debug|Any CPU = Debug|Any CPU
		Release|Any CPU = Release|Any CPU
	EndGlobalSection
	GlobalSection(ProjectConfigurationPlatforms) = postSolution
		{427657C3-DF69-4FC1-A50F-78BC1000F2EE}.Debug|Any CPU.ActiveCfg = Debug|Any CPU
		{427657C3-DF69-4FC1-A50F-78BC1000F2EE}.Debug|Any CPU.Build.0 = Debug|Any CPU
		{427657C3-DF69-4FC1-A50F-78BC1000F2EE}.Release|Any CPU.ActiveCfg = Release|Any CPU
		{427657C3-DF69-4FC1-A50F-78BC1000F2EE}.Release|Any CPU.Build.0 = Release|Any CPU
	EndGlobalSection
	GlobalSection(SolutionProperties) = preSolution
		HideSolutionNode = FALSE
	EndGlobalSection
	GlobalSection(ExtensibilityGlobals) = postSolution
		SolutionGuid = {E50B0CBE-59D2-428D-B631-F6E02424B7FC}
	EndGlobalSection
EndGlobal
